// !$*UTF8*$!
{
	archiveVersion = 1;
	classes = {
	};
	objectVersion = 50;
	objects = {

/* Begin PBXBuildFile section */
		EB54AA552148BC7D00DC4B61 /* AppDelegate.swift in Sources */ = {isa = PBXBuildFile; fileRef = EB54AA542148BC7D00DC4B61 /* AppDelegate.swift */; };
		EB54AA572148BC7D00DC4B61 /* ViewController.swift in Sources */ = {isa = PBXBuildFile; fileRef = EB54AA562148BC7D00DC4B61 /* ViewController.swift */; };
		EB54AA5A2148BC7D00DC4B61 /* Main.storyboard in Resources */ = {isa = PBXBuildFile; fileRef = EB54AA582148BC7D00DC4B61 /* Main.storyboard */; };
		EB54AA5D2148BC7D00DC4B61 /* CoreDataTemplate.xcdatamodeld in Sources */ = {isa = PBXBuildFile; fileRef = EB54AA5B2148BC7D00DC4B61 /* CoreDataTemplate.xcdatamodeld */; };
		EB54AA5F2148BC7E00DC4B61 /* Assets.xcassets in Resources */ = {isa = PBXBuildFile; fileRef = EB54AA5E2148BC7E00DC4B61 /* Assets.xcassets */; };
		EB54AA622148BC7E00DC4B61 /* LaunchScreen.storyboard in Resources */ = {isa = PBXBuildFile; fileRef = EB54AA602148BC7E00DC4B61 /* LaunchScreen.storyboard */; };
/* End PBXBuildFile section */

/* Begin PBXFileReference section */
		EB54AA512148BC7D00DC4B61 /* CoreDataTemplate.app */ = {isa = PBXFileReference; explicitFileType = wrapper.application; includeInIndex = 0; path = CoreDataTemplate.app; sourceTree = BUILT_PRODUCTS_DIR; };
		EB54AA542148BC7D00DC4B61 /* AppDelegate.swift */ = {isa = PBXFileReference; lastKnownFileType = sourcecode.swift; path = AppDelegate.swift; sourceTree = "<group>"; };
		EB54AA562148BC7D00DC4B61 /* ViewController.swift */ = {isa = PBXFileReference; lastKnownFileType = sourcecode.swift; path = ViewController.swift; sourceTree = "<group>"; };
		EB54AA592148BC7D00DC4B61 /* Base */ = {isa = PBXFileReference; lastKnownFileType = file.storyboard; name = Base; path = Base.lproj/Main.storyboard; sourceTree = "<group>"; };
		EB54AA5C2148BC7D00DC4B61 /* CoreDataTemplate.xcdatamodel */ = {isa = PBXFileReference; lastKnownFileType = wrapper.xcdatamodel; path = CoreDataTemplate.xcdatamodel; sourceTree = "<group>"; };
		EB54AA5E2148BC7E00DC4B61 /* Assets.xcassets */ = {isa = PBXFileReference; lastKnownFileType = folder.assetcatalog; path = Assets.xcassets; sourceTree = "<group>"; };
		EB54AA612148BC7E00DC4B61 /* Base */ = {isa = PBXFileReference; lastKnownFileType = file.storyboard; name = Base; path = Base.lproj/LaunchScreen.storyboard; sourceTree = "<group>"; };
		EB54AA632148BC7E00DC4B61 /* Info.plist */ = {isa = PBXFileReference; lastKnownFileType = text.plist.xml; path = Info.plist; sourceTree = "<group>"; };
/* End PBXFileReference section */

/* Begin PBXFrameworksBuildPhase section */
		EB54AA4E2148BC7D00DC4B61 /* Frameworks */ = {
			isa = PBXFrameworksBuildPhase;
			buildActionMask = 2147483647;
			files = (
			);
			runOnlyForDeploymentPostprocessing = 0;
		};
/* End PBXFrameworksBuildPhase section */

/* Begin PBXGroup section */
		EB54AA482148BC7D00DC4B61 = {
			isa = PBXGroup;
			children = (
				EB54AA532148BC7D00DC4B61 /* CoreDataTemplate */,
				EB54AA522148BC7D00DC4B61 /* Products */,
			);
			sourceTree = "<group>";
		};
		EB54AA522148BC7D00DC4B61 /* Products */ = {
			isa = PBXGroup;
			children = (
				EB54AA512148BC7D00DC4B61 /* CoreDataTemplate.app */,
			);
			name = Products;
			sourceTree = "<group>";
		};
		EB54AA532148BC7D00DC4B61 /* CoreDataTemplate */ = {
			isa = PBXGroup;
			children = (
				EB54AA542148BC7D00DC4B61 /* AppDelegate.swift */,
				EB54AA562148BC7D00DC4B61 /* ViewController.swift */,
				EB54AA582148BC7D00DC4B61 /* Main.storyboard */,
				EB54AA5E2148BC7E00DC4B61 /* Assets.xcassets */,
				EB54AA602148BC7E00DC4B61 /* LaunchScreen.storyboard */,
				EB54AA632148BC7E00DC4B61 /* Info.plist */,
				EB54AA5B2148BC7D00DC4B61 /* CoreDataTemplate.xcdatamodeld */,
			);
			path = CoreDataTemplate;
			sourceTree = "<group>";
		};
/* End PBXGroup section */

/* Begin PBXNativeTarget section */
		EB54AA502148BC7D00DC4B61 /* CoreDataTemplate */ = {
			isa = PBXNativeTarget;
			buildConfigurationList = EB54AA662148BC7E00DC4B61 /* Build configuration list for PBXNativeTarget "CoreDataTemplate" */;
			buildPhases = (
				EB54AA4D2148BC7D00DC4B61 /* Sources */,
				EB54AA4E2148BC7D00DC4B61 /* Frameworks */,
				EB54AA4F2148BC7D00DC4B61 /* Resources */,
			);
			buildRules = (
			);
			dependencies = (
			);
			name = CoreDataTemplate;
			productName = CoreDataTemplate;
			productReference = EB54AA512148BC7D00DC4B61 /* CoreDataTemplate.app */;
			productType = "com.apple.product-type.application";
		};
/* End PBXNativeTarget section */

/* Begin PBXProject section */
		EB54AA492148BC7D00DC4B61 /* Project object */ = {
			isa = PBXProject;
			attributes = {
				LastSwiftUpdateCheck = 0940;
				LastUpgradeCheck = 0940;
				ORGANIZATIONNAME = Owner;
				TargetAttributes = {
					EB54AA502148BC7D00DC4B61 = {
						CreatedOnToolsVersion = 9.4.1;
					};
				};
			};
			buildConfigurationList = EB54AA4C2148BC7D00DC4B61 /* Build configuration list for PBXProject "CoreDataTemplate" */;
			compatibilityVersion = "Xcode 9.3";
			developmentRegion = en;
			hasScannedForEncodings = 0;
			knownRegions = (
				en,
				Base,
			);
			mainGroup = EB54AA482148BC7D00DC4B61;
			productRefGroup = EB54AA522148BC7D00DC4B61 /* Products */;
			projectDirPath = "";
			projectRoot = "";
			targets = (
				EB54AA502148BC7D00DC4B61 /* CoreDataTemplate */,
			);
		};
/* End PBXProject section */

/* Begin PBXResourcesBuildPhase section */
		EB54AA4F2148BC7D00DC4B61 /* Resources */ = {
			isa = PBXResourcesBuildPhase;
			buildActionMask = 2147483647;
			files = (
				EB54AA622148BC7E00DC4B61 /* LaunchScreen.storyboard in Resources */,
				EB54AA5F2148BC7E00DC4B61 /* Assets.xcassets in Resources */,
				EB54AA5A2148BC7D00DC4B61 /* Main.storyboard in Resources */,
			);
			runOnlyForDeploymentPostprocessing = 0;
		};
/* End PBXResourcesBuildPhase section */

/* Begin PBXSourcesBuildPhase section */
		EB54AA4D2148BC7D00DC4B61 /* Sources */ = {
			isa = PBXSourcesBuildPhase;
			buildActionMask = 2147483647;
			files = (
				EB54AA5D2148BC7D00DC4B61 /* CoreDataTemplate.xcdatamodeld in Sources */,
				EB54AA572148BC7D00DC4B61 /* ViewController.swift in Sources */,
				EB54AA552148BC7D00DC4B61 /* AppDelegate.swift in Sources */,
			);
			runOnlyForDeploymentPostprocessing = 0;
		};
/* End PBXSourcesBuildPhase section */

/* Begin PBXVariantGroup section */
		EB54AA582148BC7D00DC4B61 /* Main.storyboard */ = {
			isa = PBXVariantGroup;
			children = (
				EB54AA592148BC7D00DC4B61 /* Base */,
			);
			name = Main.storyboard;
			sourceTree = "<group>";
		};
		EB54AA602148BC7E00DC4B61 /* LaunchScreen.storyboard */ = {
			isa = PBXVariantGroup;
			children = (
				EB54AA612148BC7E00DC4B61 /* Base */,
			);
			name = LaunchScreen.storyboard;
			sourceTree = "<group>";
		};
/* End PBXVariantGroup section */

/* Begin XCBuildConfiguration section */
		EB54AA642148BC7E00DC4B61 /* Debug */ = {
			isa = XCBuildConfiguration;
			buildSettings = {
				ALWAYS_SEARCH_USER_PATHS = NO;
				CLANG_ANALYZER_NONNULL = YES;
				CLANG_ANALYZER_NUMBER_OBJECT_CONVERSION = YES_AGGRESSIVE;
				CLANG_CXX_LANGUAGE_STANDARD = "gnu++14";
				CLANG_CXX_LIBRARY = "libc++";
				CLANG_ENABLE_MODULES = YES;
				CLANG_ENABLE_OBJC_ARC = YES;
				CLANG_ENABLE_OBJC_WEAK = YES;
				CLANG_WARN_BLOCK_CAPTURE_AUTORELEASING = YES;
				CLANG_WARN_BOOL_CONVERSION = YES;
				CLANG_WARN_COMMA = YES;
				CLANG_WARN_CONSTANT_CONVERSION = YES;
				CLANG_WARN_DEPRECATED_OBJC_IMPLEMENTATIONS = YES;
				CLANG_WARN_DIRECT_OBJC_ISA_USAGE = YES_ERROR;
				CLANG_WARN_DOCUMENTATION_COMMENTS = YES;
				CLANG_WARN_EMPTY_BODY = YES;
				CLANG_WARN_ENUM_CONVERSION = YES;
				CLANG_WARN_INFINITE_RECURSION = YES;
				CLANG_WARN_INT_CONVERSION = YES;
				CLANG_WARN_NON_LITERAL_NULL_CONVERSION = YES;
				CLANG_WARN_OBJC_IMPLICIT_RETAIN_SELF = YES;
				CLANG_WARN_OBJC_LITERAL_CONVERSION = YES;
				CLANG_WARN_OBJC_ROOT_CLASS = YES_ERROR;
				CLANG_WARN_RANGE_LOOP_ANALYSIS = YES;
				CLANG_WARN_STRICT_PROTOTYPES = YES;
				CLANG_WARN_SUSPICIOUS_MOVE = YES;
				CLANG_WARN_UNGUARDED_AVAILABILITY = YES_AGGRESSIVE;
				CLANG_WARN_UNREACHABLE_CODE = YES;
				CLANG_WARN__DUPLICATE_METHOD_MATCH = YES;
				CODE_SIGN_IDENTITY = "iPhone Developer";
				COPY_PHASE_STRIP = NO;
				DEBUG_INFORMATION_FORMAT = dwarf;
				ENABLE_STRICT_OBJC_MSGSEND = YES;
				ENABLE_TESTABILITY = YES;
				GCC_C_LANGUAGE_STANDARD = gnu11;
				GCC_DYNAMIC_NO_PIC = NO;
				GCC_NO_COMMON_BLOCKS = YES;
				GCC_OPTIMIZATION_LEVEL = 0;
				GCC_PREPROCESSOR_DEFINITIONS = (
					"DEBUG=1",
					"$(inherited)",
				);
				GCC_WARN_64_TO_32_BIT_CONVERSION = YES;
				GCC_WARN_ABOUT_RETURN_TYPE = YES_ERROR;
				GCC_WARN_UNDECLARED_SELECTOR = YES;
				GCC_WARN_UNINITIALIZED_AUTOS = YES_AGGRESSIVE;
				GCC_WARN_UNUSED_FUNCTION = YES;
				GCC_WARN_UNUSED_VARIABLE = YES;
				IPHONEOS_DEPLOYMENT_TARGET = 11.4;
				MTL_ENABLE_DEBUG_INFO = YES;
				ONLY_ACTIVE_ARCH = YES;
				SDKROOT = iphoneos;
				SWIFT_ACTIVE_COMPILATION_CONDITIONS = DEBUG;
				SWIFT_OPTIMIZATION_LEVEL = "-Onone";
			};
			name = Debug;
		};
		EB54AA652148BC7E00DC4B61 /* Release */ = {
			isa = XCBuildConfiguration;
			buildSettings = {
				ALWAYS_SEARCH_USER_PATHS = NO;
				CLANG_ANALYZER_NONNULL = YES;
				CLANG_ANALYZER_NUMBER_OBJECT_CONVERSION = YES_AGGRESSIVE;
				CLANG_CXX_LANGUAGE_STANDARD = "gnu++14";
				CLANG_CXX_LIBRARY = "libc++";
				CLANG_ENABLE_MODULES = YES;
				CLANG_ENABLE_OBJC_ARC = YES;
				CLANG_ENABLE_OBJC_WEAK = YES;
				CLANG_WARN_BLOCK_CAPTURE_AUTORELEASING = YES;
				CLANG_WARN_BOOL_CONVERSION = YES;
				CLANG_WARN_COMMA = YES;
				CLANG_WARN_CONSTANT_CONVERSION = YES;
				CLANG_WARN_DEPRECATED_OBJC_IMPLEMENTATIONS = YES;
				CLANG_WARN_DIRECT_OBJC_ISA_USAGE = YES_ERROR;
				CLANG_WARN_DOCUMENTATION_COMMENTS = YES;
				CLANG_WARN_EMPTY_BODY = YES;
				CLANG_WARN_ENUM_CONVERSION = YES;
				CLANG_WARN_INFINITE_RECURSION = YES;
				CLANG_WARN_INT_CONVERSION = YES;
				CLANG_WARN_NON_LITERAL_NULL_CONVERSION = YES;
				CLANG_WARN_OBJC_IMPLICIT_RETAIN_SELF = YES;
				CLANG_WARN_OBJC_LITERAL_CONVERSION = YES;
				CLANG_WARN_OBJC_ROOT_CLASS = YES_ERROR;
				CLANG_WARN_RANGE_LOOP_ANALYSIS = YES;
				CLANG_WARN_STRICT_PROTOTYPES = YES;
				CLANG_WARN_SUSPICIOUS_MOVE = YES;
				CLANG_WARN_UNGUARDED_AVAILABILITY = YES_AGGRESSIVE;
				CLANG_WARN_UNREACHABLE_CODE = YES;
				CLANG_WARN__DUPLICATE_METHOD_MATCH = YES;
				CODE_SIGN_IDENTITY = "iPhone Developer";
				COPY_PHASE_STRIP = NO;
				DEBUG_INFORMATION_FORMAT = "dwarf-with-dsym";
				ENABLE_NS_ASSERTIONS = NO;
				ENABLE_STRICT_OBJC_MSGSEND = YES;
				GCC_C_LANGUAGE_STANDARD = gnu11;
				GCC_NO_COMMON_BLOCKS = YES;
				GCC_WARN_64_TO_32_BIT_CONVERSION = YES;
				GCC_WARN_ABOUT_RETURN_TYPE = YES_ERROR;
				GCC_WARN_UNDECLARED_SELECTOR = YES;
				GCC_WARN_UNINITIALIZED_AUTOS = YES_AGGRESSIVE;
				GCC_WARN_UNUSED_FUNCTION = YES;
				GCC_WARN_UNUSED_VARIABLE = YES;
				IPHONEOS_DEPLOYMENT_TARGET = 11.4;
				MTL_ENABLE_DEBUG_INFO = NO;
				SDKROOT = iphoneos;
				SWIFT_COMPILATION_MODE = wholemodule;
				SWIFT_OPTIMIZATION_LEVEL = "-O";
				VALIDATE_PRODUCT = YES;
			};
			name = Release;
		};
		EB54AA672148BC7E00DC4B61 /* Debug */ = {
			isa = XCBuildConfiguration;
			buildSettings = {
				ASSETCATALOG_COMPILER_APPICON_NAME = AppIcon;
				CODE_SIGN_STYLE = Automatic;
				INFOPLIST_FILE = CoreDataTemplate/Info.plist;
				LD_RUNPATH_SEARCH_PATHS = (
					"$(inherited)",
					"@executable_path/Frameworks",
				);
				PRODUCT_BUNDLE_IDENTIFIER = com.example.CoreDataTemplate;
				PRODUCT_NAME = "$(TARGET_NAME)";
				SWIFT_VERSION = 4.0;
				TARGETED_DEVICE_FAMILY = "1,2";
			};
			name = Debug;
		};
		EB54AA682148BC7E00DC4B61 /* Release */ = {
			isa = XCBuildConfiguration;
			buildSettings = {
				ASSETCATALOG_COMPILER_APPICON_NAME = AppIcon;
				CODE_SIGN_STYLE = Automatic;
				INFOPLIST_FILE = CoreDataTemplate/Info.plist;
				LD_RUNPATH_SEARCH_PATHS = (
					"$(inherited)",
					"@executable_path/Frameworks",
				);
				PRODUCT_BUNDLE_IDENTIFIER = com.example.CoreDataTemplate;
				PRODUCT_NAME = "$(TARGET_NAME)";
				SWIFT_VERSION = 4.0;
				TARGETED_DEVICE_FAMILY = "1,2";
			};
			name = Release;
		};
/* End XCBuildConfiguration section */

/* Begin XCConfigurationList section */
		EB54AA4C2148BC7D00DC4B61 /* Build configuration list for PBXProject "CoreDataTemplate" */ = {
			isa = XCConfigurationList;
			buildConfigurations = (
				EB54AA642148BC7E00DC4B61 /* Debug */,
				EB54AA652148BC7E00DC4B61 /* Release */,
			);
			defaultConfigurationIsVisible = 0;
			defaultConfigurationName = Release;
		};
		EB54AA662148BC7E00DC4B61 /* Build configuration list for PBXNativeTarget "CoreDataTemplate" */ = {
			isa = XCConfigurationList;
			buildConfigurations = (
				EB54AA672148BC7E00DC4B61 /* Debug */,
				EB54AA682148BC7E00DC4B61 /* Release */,
			);
			defaultConfigurationIsVisible = 0;
			defaultConfigurationName = Release;
		};
/* End XCConfigurationList section */

/* Begin XCVersionGroup section */
		EB54AA5B2148BC7D00DC4B61 /* CoreDataTemplate.xcdatamodeld */ = {
			isa = XCVersionGroup;
			children = (
				EB54AA5C2148BC7D00DC4B61 /* CoreDataTemplate.xcdatamodel */,
			);
			currentVersion = EB54AA5C2148BC7D00DC4B61 /* CoreDataTemplate.xcdatamodel */;
			path = CoreDataTemplate.xcdatamodeld;
			sourceTree = "<group>";
			versionGroupType = wrapper.xcdatamodel;
		};
/* End XCVersionGroup section */
	};
	rootObject = EB54AA492148BC7D00DC4B61 /* Project object */;
}
